
Microsoft Visual Studio Solution File, Format Version 12.00
# Visual Studio Version 16
VisualStudioVersion = 16.0.29326.143
MinimumVisualStudioVersion = 10.0.40219.1
Project("{FAE04EC0-301F-11D3-BF4B-00C04F79EFBC}") = "CustomerServiceTracking", "CustomerServiceTracking\CustomerServiceTracking.csproj", "{F24021CF-A857-4BC1-B9ED-B2C8C114E963}"
EndProject
Global
	GlobalSection(SolutionConfigurationPlatforms) = preSolution
		Debug|Any CPU = Debug|Any CPU
		Release|Any CPU = Release|Any CPU
	EndGlobalSection
	GlobalSection(ProjectConfigurationPlatforms) = postSolution
		{F24021CF-A857-4BC1-B9ED-B2C8C114E963}.Debug|Any CPU.ActiveCfg = Debug|Any CPU
		{F24021CF-A857-4BC1-B9ED-B2C8C114E963}.Debug|Any CPU.Build.0 = Debug|Any CPU
		{F24021CF-A857-4BC1-B9ED-B2C8C114E963}.Release|Any CPU.ActiveCfg = Release|Any CPU
		{F24021CF-A857-4BC1-B9ED-B2C8C114E963}.Release|Any CPU.Build.0 = Release|Any CPU
	EndGlobalSection
	GlobalSection(SolutionProperties) = preSolution
		HideSolutionNode = FALSE
	EndGlobalSection
	GlobalSection(ExtensibilityGlobals) = postSolution
		SolutionGuid = {1B5AA907-6334-4AA3-959B-153480FEC3C9}
	EndGlobalSection
EndGlobal
